{
    "_meta": {
        "hash": {
            "sha256": "f45dbb90879e9f9737042436dda066f0c21f728559f9ac83c03db8c101171920"
        },
        "pipfile-spec": 6,
        "requires": {
            "python_full_version": "3.8.13"
        },
        "sources": [
            {
                "name": "pypi",
                "url": "https://pypi.org/simple",
                "verify_ssl": true
            }
        ]
    },
    "default": {},
    "develop": {}
}
